
Microsoft Visual Studio Solution File, Format Version 12.00
# Visual Studio Version 17
VisualStudioVersion = 17.8.34408.163
MinimumVisualStudioVersion = 10.0.40219.1
Project("{FAE04EC0-301F-11D3-BF4B-00C04F79EFBC}") = "modul9_1302223111", "modul9_1302223111\modul9_1302223111.csproj", "{F615DB2B-0874-459A-93A5-C4EB15172217}"
EndProject
Global
	GlobalSection(SolutionConfigurationPlatforms) = preSolution
		Debug|Any CPU = Debug|Any CPU
		Release|Any CPU = Release|Any CPU
	EndGlobalSection
	GlobalSection(ProjectConfigurationPlatforms) = postSolution
		{F615DB2B-0874-459A-93A5-C4EB15172217}.Debug|Any CPU.ActiveCfg = Debug|Any CPU
		{F615DB2B-0874-459A-93A5-C4EB15172217}.Debug|Any CPU.Build.0 = Debug|Any CPU
		{F615DB2B-0874-459A-93A5-C4EB15172217}.Release|Any CPU.ActiveCfg = Release|Any CPU
		{F615DB2B-0874-459A-93A5-C4EB15172217}.Release|Any CPU.Build.0 = Release|Any CPU
	EndGlobalSection
	GlobalSection(SolutionProperties) = preSolution
		HideSolutionNode = FALSE
	EndGlobalSection
	GlobalSection(ExtensibilityGlobals) = postSolution
		SolutionGuid = {54E1B610-6E85-4EA5-9211-B90877AFE338}
	EndGlobalSection
EndGlobal
